
Microsoft Visual Studio Solution File, Format Version 12.00
# Visual Studio Version 17
VisualStudioVersion = 17.7.33711.374
MinimumVisualStudioVersion = 10.0.40219.1
Project("{FAE04EC0-301F-11D3-BF4B-00C04F79EFBC}") = "SendGridAzFunction", "SendGridAzFunction\SendGridAzFunction.csproj", "{93857003-1260-4E8C-A985-AD257D6C1666}"
EndProject
Global
	GlobalSection(SolutionConfigurationPlatforms) = preSolution
		Debug|Any CPU = Debug|Any CPU
		Release|Any CPU = Release|Any CPU
	EndGlobalSection
	GlobalSection(ProjectConfigurationPlatforms) = postSolution
		{93857003-1260-4E8C-A985-AD257D6C1666}.Debug|Any CPU.ActiveCfg = Debug|Any CPU
		{93857003-1260-4E8C-A985-AD257D6C1666}.Debug|Any CPU.Build.0 = Debug|Any CPU
		{93857003-1260-4E8C-A985-AD257D6C1666}.Release|Any CPU.ActiveCfg = Release|Any CPU
		{93857003-1260-4E8C-A985-AD257D6C1666}.Release|Any CPU.Build.0 = Release|Any CPU
	EndGlobalSection
	GlobalSection(SolutionProperties) = preSolution
		HideSolutionNode = FALSE
	EndGlobalSection
	GlobalSection(ExtensibilityGlobals) = postSolution
		SolutionGuid = {A5B24A8E-22A6-4D3A-9AD1-04BF0E97F692}
	EndGlobalSection
EndGlobal
