
Microsoft Visual Studio Solution File, Format Version 12.00
# Visual Studio Version 17
VisualStudioVersion = 17.7.33711.374
MinimumVisualStudioVersion = 10.0.40219.1
Project("{9A19103F-16F7-4668-BE54-9A1E7A4F7556}") = "Jodelac.SendGridAzFunction", "SendGridAzFunction\Jodelac.SendGridAzFunction.csproj", "{93857003-1260-4E8C-A985-AD257D6C1666}"
EndProject
Project("{2150E333-8FDC-42A3-9474-1A3956D46DE8}") = "Solution Items", "Solution Items", "{61651289-A007-47D7-91BF-C424A00A9C3C}"
	ProjectSection(SolutionItems) = preProject
		.gitignore = .gitignore
		README.md = README.md
	EndProjectSection
EndProject
Project("{2150E333-8FDC-42A3-9474-1A3956D46DE8}") = ".github", ".github", "{A89E7333-8C3F-4315-A659-12424FFEEB23}"
	ProjectSection(SolutionItems) = preProject
		.github\workflows\codeql.yml = .github\workflows\codeql.yml
		.github\dependabot.yml = .github\dependabot.yml
	EndProjectSection
EndProject
Global
	GlobalSection(SolutionConfigurationPlatforms) = preSolution
		Debug|Any CPU = Debug|Any CPU
		Release|Any CPU = Release|Any CPU
	EndGlobalSection
	GlobalSection(ProjectConfigurationPlatforms) = postSolution
		{93857003-1260-4E8C-A985-AD257D6C1666}.Debug|Any CPU.ActiveCfg = Debug|Any CPU
		{93857003-1260-4E8C-A985-AD257D6C1666}.Debug|Any CPU.Build.0 = Debug|Any CPU
		{93857003-1260-4E8C-A985-AD257D6C1666}.Release|Any CPU.ActiveCfg = Release|Any CPU
		{93857003-1260-4E8C-A985-AD257D6C1666}.Release|Any CPU.Build.0 = Release|Any CPU
	EndGlobalSection
	GlobalSection(SolutionProperties) = preSolution
		HideSolutionNode = FALSE
	EndGlobalSection
	GlobalSection(NestedProjects) = preSolution
		{A89E7333-8C3F-4315-A659-12424FFEEB23} = {61651289-A007-47D7-91BF-C424A00A9C3C}
	EndGlobalSection
	GlobalSection(ExtensibilityGlobals) = postSolution
		SolutionGuid = {A5B24A8E-22A6-4D3A-9AD1-04BF0E97F692}
	EndGlobalSection
EndGlobal
